
Microsoft Visual Studio Solution File, Format Version 12.00
# Visual Studio for Mac
Project("{FAE04EC0-301F-11D3-BF4B-00C04F79EFBC}") = "Lab-1", "Assembly-CSharp.csproj", "{BA6C9C46-D3C1-5BD9-5755-FE71E2B32109}"
EndProject
Global
	GlobalSection(SolutionConfigurationPlatforms) = preSolution
		Debug|Any CPU = Debug|Any CPU
		Release|Any CPU = Release|Any CPU
	EndGlobalSection
	GlobalSection(ProjectConfigurationPlatforms) = postSolution
		{BA6C9C46-D3C1-5BD9-5755-FE71E2B32109}.Debug|Any CPU.ActiveCfg = Debug|Any CPU
		{BA6C9C46-D3C1-5BD9-5755-FE71E2B32109}.Debug|Any CPU.Build.0 = Debug|Any CPU
		{BA6C9C46-D3C1-5BD9-5755-FE71E2B32109}.Release|Any CPU.ActiveCfg = Release|Any CPU
		{BA6C9C46-D3C1-5BD9-5755-FE71E2B32109}.Release|Any CPU.Build.0 = Release|Any CPU
	EndGlobalSection
	GlobalSection(SolutionProperties) = preSolution
		HideSolutionNode = FALSE
	EndGlobalSection
EndGlobal
