
Microsoft Visual Studio Solution File, Format Version 12.00
# Visual Studio for Mac
Project("{FAE04EC0-301F-11D3-BF4B-00C04F79EFBC}") = "NavMeshComponents", "NavMeshComponents.csproj", "{81142481-1927-6007-26EB-0876931D24A2}"
EndProject
Project("{FAE04EC0-301F-11D3-BF4B-00C04F79EFBC}") = "Assembly-CSharp", "Assembly-CSharp.csproj", "{91A6E266-2388-E120-CF57-78C17E7DD19D}"
EndProject
Project("{FAE04EC0-301F-11D3-BF4B-00C04F79EFBC}") = "NavMeshComponentsEditor", "NavMeshComponentsEditor.csproj", "{9FBC30C6-5602-9DA9-9BD7-37CD6750539A}"
EndProject
Global
	GlobalSection(SolutionConfigurationPlatforms) = preSolution
		Debug|Any CPU = Debug|Any CPU
		Release|Any CPU = Release|Any CPU
	EndGlobalSection
	GlobalSection(ProjectConfigurationPlatforms) = postSolution
		{81142481-1927-6007-26EB-0876931D24A2}.Debug|Any CPU.ActiveCfg = Debug|Any CPU
		{81142481-1927-6007-26EB-0876931D24A2}.Debug|Any CPU.Build.0 = Debug|Any CPU
		{81142481-1927-6007-26EB-0876931D24A2}.Release|Any CPU.ActiveCfg = Release|Any CPU
		{81142481-1927-6007-26EB-0876931D24A2}.Release|Any CPU.Build.0 = Release|Any CPU
		{91A6E266-2388-E120-CF57-78C17E7DD19D}.Debug|Any CPU.ActiveCfg = Debug|Any CPU
		{91A6E266-2388-E120-CF57-78C17E7DD19D}.Debug|Any CPU.Build.0 = Debug|Any CPU
		{91A6E266-2388-E120-CF57-78C17E7DD19D}.Release|Any CPU.ActiveCfg = Release|Any CPU
		{91A6E266-2388-E120-CF57-78C17E7DD19D}.Release|Any CPU.Build.0 = Release|Any CPU
		{9FBC30C6-5602-9DA9-9BD7-37CD6750539A}.Debug|Any CPU.ActiveCfg = Debug|Any CPU
		{9FBC30C6-5602-9DA9-9BD7-37CD6750539A}.Debug|Any CPU.Build.0 = Debug|Any CPU
		{9FBC30C6-5602-9DA9-9BD7-37CD6750539A}.Release|Any CPU.ActiveCfg = Release|Any CPU
		{9FBC30C6-5602-9DA9-9BD7-37CD6750539A}.Release|Any CPU.Build.0 = Release|Any CPU
	EndGlobalSection
	GlobalSection(SolutionProperties) = preSolution
		HideSolutionNode = FALSE
	EndGlobalSection
EndGlobal
